
Microsoft Visual Studio Solution File, Format Version 12.00
# Visual Studio Version 17
VisualStudioVersion = 17.2.32526.322
MinimumVisualStudioVersion = 10.0.40219.1
Project("{9A19103F-16F7-4668-BE54-9A1E7A4F7556}") = "DevQAProdCom.NET.Global", "DevQAProdCom.NET.Global\DevQAProdCom.NET.Global.csproj", "{4DC29949-0C10-4FBF-B6A9-4EB478A86B75}"
EndProject
Project("{9A19103F-16F7-4668-BE54-9A1E7A4F7556}") = "Tests.DevQAProdCom.NET.Global", "Tests.DevQAProdCom.NET.Global\Tests.DevQAProdCom.NET.Global.csproj", "{951BD006-F117-42B4-9C8F-D68FCCB69B80}"
EndProject
Project("{9A19103F-16F7-4668-BE54-9A1E7A4F7556}") = "DevQAProdCom.NET.API", "DevQAProdCom.NET.API\DevQAProdCom.NET.API.csproj", "{219E592A-C52B-4BC6-8DE1-5498B9CB5F1C}"
EndProject
Project("{2150E333-8FDC-42A3-9474-1A3956D46DE8}") = "Solution Items", "Solution Items", "{1A002A56-75E7-42A1-8CAF-AB3E8E6CF2ED}"
	ProjectSection(SolutionItems) = preProject
		.editorconfig = .editorconfig
		Directory.Packages.props = Directory.Packages.props
		LICENSE.txt = LICENSE.txt
		NuGet.config = NuGet.config
	EndProjectSection
EndProject
Project("{2150E333-8FDC-42A3-9474-1A3956D46DE8}") = "InfrastructureForTests", "InfrastructureForTests", "{07A2C5D7-4850-48CB-905F-4A9CC91242DC}"
EndProject
Project("{2150E333-8FDC-42A3-9474-1A3956D46DE8}") = "Tests", "Tests", "{818250BC-823E-4BC7-9F67-E2CB4ED4568A}"
EndProject
Project("{9A19103F-16F7-4668-BE54-9A1E7A4F7556}") = "DevQAProdCom.NET.Configurations", "DevQAProdCom.NET.Configurations\DevQAProdCom.NET.Configurations.csproj", "{73AD6EC8-B716-4EAA-A8B6-BA5727A0AFCB}"
EndProject
Project("{9A19103F-16F7-4668-BE54-9A1E7A4F7556}") = "Tests.DevQAProdCom.NET.Configurations", "Tests.DevQAProdCom.NET.Configurations\Tests.DevQAProdCom.NET.Configurations.csproj", "{BD61BD79-3689-45AF-8CB5-EC2C90E510B6}"
EndProject
Project("{9A19103F-16F7-4668-BE54-9A1E7A4F7556}") = "DevQAProdCom.NET.Cloud.Aws", "DevQAProdCom.NET.Cloud.Aws\DevQAProdCom.NET.Cloud.Aws.csproj", "{DF9E5B2D-8E8E-48CC-B484-F23D1571E4BF}"
EndProject
Project("{2150E333-8FDC-42A3-9474-1A3956D46DE8}") = "UI", "UI", "{52AB29A8-3ADB-43AE-9BD2-25FA705488AA}"
EndProject
Project("{2150E333-8FDC-42A3-9474-1A3956D46DE8}") = "API", "API", "{A114B2B9-695C-48B1-BCF6-04FBF6A953DC}"
EndProject
Project("{9A19103F-16F7-4668-BE54-9A1E7A4F7556}") = "DevQAProdCom.NET.DependencyInjection.Shared", "DevQAProdCom.NET.DependencyInjection.Shared\DevQAProdCom.NET.DependencyInjection.Shared.csproj", "{DD0B32C9-AECE-46AB-9674-CF24983114FA}"
EndProject
Project("{2150E333-8FDC-42A3-9474-1A3956D46DE8}") = "Logging", "Logging", "{611F844E-F83B-4023-95F2-921ED4827411}"
EndProject
Project("{9A19103F-16F7-4668-BE54-9A1E7A4F7556}") = "DevQAProdCom.NET.Logging.TestRunners.Shared", "DevQAProdCom.NET.Logging.TestRunners.Shared\DevQAProdCom.NET.Logging.TestRunners.Shared.csproj", "{2D0C98FC-CE3A-4D17-9729-D6F974FC1AFE}"
EndProject
Project("{9A19103F-16F7-4668-BE54-9A1E7A4F7556}") = "DevQAProdCom.NET.Logging.Shared", "DevQAProdCom.NET.Logging.Shared\DevQAProdCom.NET.Logging.Shared.csproj", "{EAAA4BAD-5605-4354-95C0-F4DC818085EE}"
EndProject
Project("{9A19103F-16F7-4668-BE54-9A1E7A4F7556}") = "DevQAProdCom.NET.Logging.Shared.InterfacesAndEnumerations", "DevQAProdCom.NET.Logging.Shared.InterfacesAndEnumerations\DevQAProdCom.NET.Logging.Shared.InterfacesAndEnumerations.csproj", "{592F082E-DD43-4899-AAFF-AA389E52B51E}"
EndProject
Project("{9A19103F-16F7-4668-BE54-9A1E7A4F7556}") = "DevQAProdCom.NET.Global.ModelsAndInterfaces", "DevQAProdCom.NET.Global.ModelsAndInterfaces\DevQAProdCom.NET.Global.ModelsAndInterfaces.csproj", "{377C8B8D-DF4E-45CA-821E-7A99E1679B76}"
EndProject
Project("{9A19103F-16F7-4668-BE54-9A1E7A4F7556}") = "DevQAProdCom.NET.Logging.TestRunners.NUnit", "DevQAProdCom.NET.Logging.TestRunners.NUnit\DevQAProdCom.NET.Logging.TestRunners.NUnit.csproj", "{56BD6DFC-0B2C-424C-BAF0-A3A47AADF0E8}"
EndProject
Project("{9A19103F-16F7-4668-BE54-9A1E7A4F7556}") = "DevQAProdCom.NET.Logging.Providers.Serilog", "DevQAProdCom.NET.Logging.Providers.Serilog\DevQAProdCom.NET.Logging.Providers.Serilog.csproj", "{3CCF3B06-9E75-4939-B7D0-5FF458E758A9}"
EndProject
Project("{2150E333-8FDC-42A3-9474-1A3956D46DE8}") = "TestRunners", "TestRunners", "{8C5A35C2-A077-4C19-BC00-3FB5C0911408}"
EndProject
Project("{2150E333-8FDC-42A3-9474-1A3956D46DE8}") = "NUnit", "NUnit", "{0163EB41-32F3-4F9C-B2AF-E6B0B0B4A40C}"
EndProject
Project("{9A19103F-16F7-4668-BE54-9A1E7A4F7556}") = "DevQAProdCom.NET.TestRunners.NUnit.Models", "DevQAProdCom.NET.TestRunners.NUnit.Models\DevQAProdCom.NET.TestRunners.NUnit.Models.csproj", "{01F2A542-B4E2-4B85-ABED-64C4B44A96C3}"
EndProject
Project("{2150E333-8FDC-42A3-9474-1A3956D46DE8}") = "Playwright", "Playwright", "{417FB703-39C7-4F9E-9B20-88167C033B75}"
EndProject
Project("{2150E333-8FDC-42A3-9474-1A3956D46DE8}") = "Selenium", "Selenium", "{1E1F5033-3463-4863-91D8-D025FEE253E8}"
EndProject
Project("{9A19103F-16F7-4668-BE54-9A1E7A4F7556}") = "DevQAProdCom.NET.UI.Shared", "DevQAProdCom.NET.UI.Shared\DevQAProdCom.NET.UI.Shared.csproj", "{064E1666-7AB0-4CF5-B9B2-34F56B678906}"
EndProject
Project("{9A19103F-16F7-4668-BE54-9A1E7A4F7556}") = "DevQAProdCom.NET.UI.Playwright", "DevQAProdCom.NET.UI.Playwright\DevQAProdCom.NET.UI.Playwright.csproj", "{1898A199-C275-45CD-90B0-8864B1ADC7AB}"
EndProject
Project("{9A19103F-16F7-4668-BE54-9A1E7A4F7556}") = "DevQAProdCom.NET.UI.Playwright.Browsers", "DevQAProdCom.NET.UI.Playwright.Browsers\DevQAProdCom.NET.UI.Playwright.Browsers.csproj", "{D4F3BF93-5835-4D51-BF44-2EB4B59D3213}"
EndProject
Project("{9A19103F-16F7-4668-BE54-9A1E7A4F7556}") = "DevQAProdCom.NET.UI.Selenium", "DevQAProdCom.NET.UI.Selenium\DevQAProdCom.NET.UI.Selenium.csproj", "{6DD786D5-A836-4986-B86B-2C3CE3CB33B8}"
EndProject
Project("{9A19103F-16F7-4668-BE54-9A1E7A4F7556}") = "DevQAProdCom.NET.UI.Selenium.WebDrivers", "DevQAProdCom.NET.UI.Selenium.WebDrivers\DevQAProdCom.NET.UI.Selenium.WebDrivers.csproj", "{7F20AB85-7AEB-4F38-870B-9B72FD19004A}"
EndProject
Project("{9A19103F-16F7-4668-BE54-9A1E7A4F7556}") = "Tests.DevQAProdCom.NET.Logging.TestRunners.NUnit", "Tests.DevQAProdCom.NET.Logging.TestRunners.NUnit\Tests.DevQAProdCom.NET.Logging.TestRunners.NUnit.csproj", "{CF0F453F-E0E1-4F12-965D-CB05B1718DD7}"
EndProject
Project("{9A19103F-16F7-4668-BE54-9A1E7A4F7556}") = "Tests.DevQAProdCom.NET.Logging.TestRunners.NUnit.PreconditionsTests", "Tests.DevQAProdCom.NET.Logging.TestRunners.NUnit.PreconditionsTests\Tests.DevQAProdCom.NET.Logging.TestRunners.NUnit.PreconditionsTests.csproj", "{1664DC34-B8C8-4C98-94D8-F8FA725174C2}"
EndProject
Project("{9A19103F-16F7-4668-BE54-9A1E7A4F7556}") = "ApplicationName.QA.TestsBasis", "ApplicationName.QA.TestsBasis\ApplicationName.QA.TestsBasis.csproj", "{BA774E9D-C342-4066-B72E-00D1AEB5D1AD}"
EndProject
Project("{9A19103F-16F7-4668-BE54-9A1E7A4F7556}") = "ApplicationName.QA.Global", "ApplicationName.QA.Global\ApplicationName.QA.Global.csproj", "{A0870A05-5548-4DD2-A689-9857948BC397}"
EndProject
Project("{9A19103F-16F7-4668-BE54-9A1E7A4F7556}") = "DevQAProdCom.NET.UI.UiElements", "DevQAProdCom.NET.UI.UiElements\DevQAProdCom.NET.UI.UiElements.csproj", "{21970B29-9986-45B6-A988-3EE810B01252}"
EndProject
Project("{9A19103F-16F7-4668-BE54-9A1E7A4F7556}") = "Tests.DevQAProdCom.NET.UI", "Tests.DevQAProdCom.NET.UI\Tests.DevQAProdCom.NET.UI.csproj", "{6F67B38D-D9AA-46D6-9278-F9646EA389B7}"
EndProject
Project("{2150E333-8FDC-42A3-9474-1A3956D46DE8}") = "Projects", "Projects", "{FD2A0A13-0914-47EC-A173-72023C23A569}"
EndProject
Project("{2150E333-8FDC-42A3-9474-1A3956D46DE8}") = "DependencyInjection", "DependencyInjection", "{2208F5C1-4A54-4D07-80AA-623123010072}"
EndProject
Project("{9A19103F-16F7-4668-BE54-9A1E7A4F7556}") = "DevQAProdCom.NET.DependencyInjection.Microsoft", "DevQAProdCom.NET.DependencyInjection.Microsoft\DevQAProdCom.NET.DependencyInjection.Microsoft.csproj", "{881F1F31-7EF3-433C-8922-AC80EC8A281C}"
EndProject
Project("{FAE04EC0-301F-11D3-BF4B-00C04F79EFBC}") = "DevQAProdCom.NET.DependencyInjection.Microsoft.Shared", "DevQAProdCom.NET.DependencyInjection.Microsoft.Shared\DevQAProdCom.NET.DependencyInjection.Microsoft.Shared.csproj", "{0C26189D-2AF8-4F9B-8B64-CBF8FF868F78}"
EndProject
Project("{2150E333-8FDC-42A3-9474-1A3956D46DE8}") = "Cloud", "Cloud", "{36D591C7-65C7-A0D1-1CBC-10CDE441BDC8}"
EndProject
Project("{2150E333-8FDC-42A3-9474-1A3956D46DE8}") = "AWS", "AWS", "{78F8571C-95E5-4C4E-A11F-1339EF4E7038}"
EndProject
Project("{2150E333-8FDC-42A3-9474-1A3956D46DE8}") = "Configurations", "Configurations", "{BE932680-495C-4B43-BAAB-C2C76631397C}"
EndProject
Global
	GlobalSection(SolutionConfigurationPlatforms) = preSolution
		Debug|Any CPU = Debug|Any CPU
		Release|Any CPU = Release|Any CPU
	EndGlobalSection
	GlobalSection(ProjectConfigurationPlatforms) = postSolution
		{4DC29949-0C10-4FBF-B6A9-4EB478A86B75}.Debug|Any CPU.ActiveCfg = Debug|Any CPU
		{4DC29949-0C10-4FBF-B6A9-4EB478A86B75}.Debug|Any CPU.Build.0 = Debug|Any CPU
		{4DC29949-0C10-4FBF-B6A9-4EB478A86B75}.Release|Any CPU.ActiveCfg = Release|Any CPU
		{4DC29949-0C10-4FBF-B6A9-4EB478A86B75}.Release|Any CPU.Build.0 = Release|Any CPU
		{951BD006-F117-42B4-9C8F-D68FCCB69B80}.Debug|Any CPU.ActiveCfg = Debug|Any CPU
		{951BD006-F117-42B4-9C8F-D68FCCB69B80}.Debug|Any CPU.Build.0 = Debug|Any CPU
		{951BD006-F117-42B4-9C8F-D68FCCB69B80}.Release|Any CPU.ActiveCfg = Release|Any CPU
		{951BD006-F117-42B4-9C8F-D68FCCB69B80}.Release|Any CPU.Build.0 = Release|Any CPU
		{219E592A-C52B-4BC6-8DE1-5498B9CB5F1C}.Debug|Any CPU.ActiveCfg = Debug|Any CPU
		{219E592A-C52B-4BC6-8DE1-5498B9CB5F1C}.Debug|Any CPU.Build.0 = Debug|Any CPU
		{219E592A-C52B-4BC6-8DE1-5498B9CB5F1C}.Release|Any CPU.ActiveCfg = Release|Any CPU
		{219E592A-C52B-4BC6-8DE1-5498B9CB5F1C}.Release|Any CPU.Build.0 = Release|Any CPU
		{73AD6EC8-B716-4EAA-A8B6-BA5727A0AFCB}.Debug|Any CPU.ActiveCfg = Debug|Any CPU
		{73AD6EC8-B716-4EAA-A8B6-BA5727A0AFCB}.Debug|Any CPU.Build.0 = Debug|Any CPU
		{73AD6EC8-B716-4EAA-A8B6-BA5727A0AFCB}.Release|Any CPU.ActiveCfg = Release|Any CPU
		{73AD6EC8-B716-4EAA-A8B6-BA5727A0AFCB}.Release|Any CPU.Build.0 = Release|Any CPU
		{BD61BD79-3689-45AF-8CB5-EC2C90E510B6}.Debug|Any CPU.ActiveCfg = Debug|Any CPU
		{BD61BD79-3689-45AF-8CB5-EC2C90E510B6}.Debug|Any CPU.Build.0 = Debug|Any CPU
		{BD61BD79-3689-45AF-8CB5-EC2C90E510B6}.Release|Any CPU.ActiveCfg = Release|Any CPU
		{BD61BD79-3689-45AF-8CB5-EC2C90E510B6}.Release|Any CPU.Build.0 = Release|Any CPU
		{DF9E5B2D-8E8E-48CC-B484-F23D1571E4BF}.Debug|Any CPU.ActiveCfg = Debug|Any CPU
		{DF9E5B2D-8E8E-48CC-B484-F23D1571E4BF}.Debug|Any CPU.Build.0 = Debug|Any CPU
		{DF9E5B2D-8E8E-48CC-B484-F23D1571E4BF}.Release|Any CPU.ActiveCfg = Release|Any CPU
		{DF9E5B2D-8E8E-48CC-B484-F23D1571E4BF}.Release|Any CPU.Build.0 = Release|Any CPU
		{DD0B32C9-AECE-46AB-9674-CF24983114FA}.Debug|Any CPU.ActiveCfg = Debug|Any CPU
		{DD0B32C9-AECE-46AB-9674-CF24983114FA}.Debug|Any CPU.Build.0 = Debug|Any CPU
		{DD0B32C9-AECE-46AB-9674-CF24983114FA}.Release|Any CPU.ActiveCfg = Release|Any CPU
		{DD0B32C9-AECE-46AB-9674-CF24983114FA}.Release|Any CPU.Build.0 = Release|Any CPU
		{2D0C98FC-CE3A-4D17-9729-D6F974FC1AFE}.Debug|Any CPU.ActiveCfg = Debug|Any CPU
		{2D0C98FC-CE3A-4D17-9729-D6F974FC1AFE}.Debug|Any CPU.Build.0 = Debug|Any CPU
		{2D0C98FC-CE3A-4D17-9729-D6F974FC1AFE}.Release|Any CPU.ActiveCfg = Release|Any CPU
		{2D0C98FC-CE3A-4D17-9729-D6F974FC1AFE}.Release|Any CPU.Build.0 = Release|Any CPU
		{EAAA4BAD-5605-4354-95C0-F4DC818085EE}.Debug|Any CPU.ActiveCfg = Debug|Any CPU
		{EAAA4BAD-5605-4354-95C0-F4DC818085EE}.Debug|Any CPU.Build.0 = Debug|Any CPU
		{EAAA4BAD-5605-4354-95C0-F4DC818085EE}.Release|Any CPU.ActiveCfg = Release|Any CPU
		{EAAA4BAD-5605-4354-95C0-F4DC818085EE}.Release|Any CPU.Build.0 = Release|Any CPU
		{592F082E-DD43-4899-AAFF-AA389E52B51E}.Debug|Any CPU.ActiveCfg = Debug|Any CPU
		{592F082E-DD43-4899-AAFF-AA389E52B51E}.Debug|Any CPU.Build.0 = Debug|Any CPU
		{592F082E-DD43-4899-AAFF-AA389E52B51E}.Release|Any CPU.ActiveCfg = Release|Any CPU
		{592F082E-DD43-4899-AAFF-AA389E52B51E}.Release|Any CPU.Build.0 = Release|Any CPU
		{377C8B8D-DF4E-45CA-821E-7A99E1679B76}.Debug|Any CPU.ActiveCfg = Debug|Any CPU
		{377C8B8D-DF4E-45CA-821E-7A99E1679B76}.Debug|Any CPU.Build.0 = Debug|Any CPU
		{377C8B8D-DF4E-45CA-821E-7A99E1679B76}.Release|Any CPU.ActiveCfg = Release|Any CPU
		{377C8B8D-DF4E-45CA-821E-7A99E1679B76}.Release|Any CPU.Build.0 = Release|Any CPU
		{56BD6DFC-0B2C-424C-BAF0-A3A47AADF0E8}.Debug|Any CPU.ActiveCfg = Debug|Any CPU
		{56BD6DFC-0B2C-424C-BAF0-A3A47AADF0E8}.Debug|Any CPU.Build.0 = Debug|Any CPU
		{56BD6DFC-0B2C-424C-BAF0-A3A47AADF0E8}.Release|Any CPU.ActiveCfg = Release|Any CPU
		{56BD6DFC-0B2C-424C-BAF0-A3A47AADF0E8}.Release|Any CPU.Build.0 = Release|Any CPU
		{3CCF3B06-9E75-4939-B7D0-5FF458E758A9}.Debug|Any CPU.ActiveCfg = Debug|Any CPU
		{3CCF3B06-9E75-4939-B7D0-5FF458E758A9}.Debug|Any CPU.Build.0 = Debug|Any CPU
		{3CCF3B06-9E75-4939-B7D0-5FF458E758A9}.Release|Any CPU.ActiveCfg = Release|Any CPU
		{3CCF3B06-9E75-4939-B7D0-5FF458E758A9}.Release|Any CPU.Build.0 = Release|Any CPU
		{01F2A542-B4E2-4B85-ABED-64C4B44A96C3}.Debug|Any CPU.ActiveCfg = Debug|Any CPU
		{01F2A542-B4E2-4B85-ABED-64C4B44A96C3}.Debug|Any CPU.Build.0 = Debug|Any CPU
		{01F2A542-B4E2-4B85-ABED-64C4B44A96C3}.Release|Any CPU.ActiveCfg = Release|Any CPU
		{01F2A542-B4E2-4B85-ABED-64C4B44A96C3}.Release|Any CPU.Build.0 = Release|Any CPU
		{064E1666-7AB0-4CF5-B9B2-34F56B678906}.Debug|Any CPU.ActiveCfg = Debug|Any CPU
		{064E1666-7AB0-4CF5-B9B2-34F56B678906}.Debug|Any CPU.Build.0 = Debug|Any CPU
		{064E1666-7AB0-4CF5-B9B2-34F56B678906}.Release|Any CPU.ActiveCfg = Release|Any CPU
		{064E1666-7AB0-4CF5-B9B2-34F56B678906}.Release|Any CPU.Build.0 = Release|Any CPU
		{1898A199-C275-45CD-90B0-8864B1ADC7AB}.Debug|Any CPU.ActiveCfg = Debug|Any CPU
		{1898A199-C275-45CD-90B0-8864B1ADC7AB}.Debug|Any CPU.Build.0 = Debug|Any CPU
		{1898A199-C275-45CD-90B0-8864B1ADC7AB}.Release|Any CPU.ActiveCfg = Release|Any CPU
		{1898A199-C275-45CD-90B0-8864B1ADC7AB}.Release|Any CPU.Build.0 = Release|Any CPU
		{D4F3BF93-5835-4D51-BF44-2EB4B59D3213}.Debug|Any CPU.ActiveCfg = Debug|Any CPU
		{D4F3BF93-5835-4D51-BF44-2EB4B59D3213}.Debug|Any CPU.Build.0 = Debug|Any CPU
		{D4F3BF93-5835-4D51-BF44-2EB4B59D3213}.Release|Any CPU.ActiveCfg = Release|Any CPU
		{D4F3BF93-5835-4D51-BF44-2EB4B59D3213}.Release|Any CPU.Build.0 = Release|Any CPU
		{6DD786D5-A836-4986-B86B-2C3CE3CB33B8}.Debug|Any CPU.ActiveCfg = Debug|Any CPU
		{6DD786D5-A836-4986-B86B-2C3CE3CB33B8}.Debug|Any CPU.Build.0 = Debug|Any CPU
		{6DD786D5-A836-4986-B86B-2C3CE3CB33B8}.Release|Any CPU.ActiveCfg = Release|Any CPU
		{6DD786D5-A836-4986-B86B-2C3CE3CB33B8}.Release|Any CPU.Build.0 = Release|Any CPU
		{7F20AB85-7AEB-4F38-870B-9B72FD19004A}.Debug|Any CPU.ActiveCfg = Debug|Any CPU
		{7F20AB85-7AEB-4F38-870B-9B72FD19004A}.Debug|Any CPU.Build.0 = Debug|Any CPU
		{7F20AB85-7AEB-4F38-870B-9B72FD19004A}.Release|Any CPU.ActiveCfg = Release|Any CPU
		{7F20AB85-7AEB-4F38-870B-9B72FD19004A}.Release|Any CPU.Build.0 = Release|Any CPU
		{CF0F453F-E0E1-4F12-965D-CB05B1718DD7}.Debug|Any CPU.ActiveCfg = Debug|Any CPU
		{CF0F453F-E0E1-4F12-965D-CB05B1718DD7}.Debug|Any CPU.Build.0 = Debug|Any CPU
		{CF0F453F-E0E1-4F12-965D-CB05B1718DD7}.Release|Any CPU.ActiveCfg = Release|Any CPU
		{CF0F453F-E0E1-4F12-965D-CB05B1718DD7}.Release|Any CPU.Build.0 = Release|Any CPU
		{1664DC34-B8C8-4C98-94D8-F8FA725174C2}.Debug|Any CPU.ActiveCfg = Debug|Any CPU
		{1664DC34-B8C8-4C98-94D8-F8FA725174C2}.Debug|Any CPU.Build.0 = Debug|Any CPU
		{1664DC34-B8C8-4C98-94D8-F8FA725174C2}.Release|Any CPU.ActiveCfg = Release|Any CPU
		{1664DC34-B8C8-4C98-94D8-F8FA725174C2}.Release|Any CPU.Build.0 = Release|Any CPU
		{BA774E9D-C342-4066-B72E-00D1AEB5D1AD}.Debug|Any CPU.ActiveCfg = Debug|Any CPU
		{BA774E9D-C342-4066-B72E-00D1AEB5D1AD}.Debug|Any CPU.Build.0 = Debug|Any CPU
		{BA774E9D-C342-4066-B72E-00D1AEB5D1AD}.Release|Any CPU.ActiveCfg = Release|Any CPU
		{BA774E9D-C342-4066-B72E-00D1AEB5D1AD}.Release|Any CPU.Build.0 = Release|Any CPU
		{A0870A05-5548-4DD2-A689-9857948BC397}.Debug|Any CPU.ActiveCfg = Debug|Any CPU
		{A0870A05-5548-4DD2-A689-9857948BC397}.Debug|Any CPU.Build.0 = Debug|Any CPU
		{A0870A05-5548-4DD2-A689-9857948BC397}.Release|Any CPU.ActiveCfg = Release|Any CPU
		{A0870A05-5548-4DD2-A689-9857948BC397}.Release|Any CPU.Build.0 = Release|Any CPU
		{21970B29-9986-45B6-A988-3EE810B01252}.Debug|Any CPU.ActiveCfg = Debug|Any CPU
		{21970B29-9986-45B6-A988-3EE810B01252}.Debug|Any CPU.Build.0 = Debug|Any CPU
		{21970B29-9986-45B6-A988-3EE810B01252}.Release|Any CPU.ActiveCfg = Release|Any CPU
		{21970B29-9986-45B6-A988-3EE810B01252}.Release|Any CPU.Build.0 = Release|Any CPU
		{6F67B38D-D9AA-46D6-9278-F9646EA389B7}.Debug|Any CPU.ActiveCfg = Debug|Any CPU
		{6F67B38D-D9AA-46D6-9278-F9646EA389B7}.Debug|Any CPU.Build.0 = Debug|Any CPU
		{6F67B38D-D9AA-46D6-9278-F9646EA389B7}.Release|Any CPU.ActiveCfg = Release|Any CPU
		{6F67B38D-D9AA-46D6-9278-F9646EA389B7}.Release|Any CPU.Build.0 = Release|Any CPU
		{881F1F31-7EF3-433C-8922-AC80EC8A281C}.Debug|Any CPU.ActiveCfg = Debug|Any CPU
		{881F1F31-7EF3-433C-8922-AC80EC8A281C}.Debug|Any CPU.Build.0 = Debug|Any CPU
		{881F1F31-7EF3-433C-8922-AC80EC8A281C}.Release|Any CPU.ActiveCfg = Release|Any CPU
		{881F1F31-7EF3-433C-8922-AC80EC8A281C}.Release|Any CPU.Build.0 = Release|Any CPU
		{0C26189D-2AF8-4F9B-8B64-CBF8FF868F78}.Debug|Any CPU.ActiveCfg = Debug|Any CPU
		{0C26189D-2AF8-4F9B-8B64-CBF8FF868F78}.Debug|Any CPU.Build.0 = Debug|Any CPU
		{0C26189D-2AF8-4F9B-8B64-CBF8FF868F78}.Release|Any CPU.ActiveCfg = Release|Any CPU
		{0C26189D-2AF8-4F9B-8B64-CBF8FF868F78}.Release|Any CPU.Build.0 = Release|Any CPU
	EndGlobalSection
	GlobalSection(SolutionProperties) = preSolution
		HideSolutionNode = FALSE
	EndGlobalSection
	GlobalSection(NestedProjects) = preSolution
		{4DC29949-0C10-4FBF-B6A9-4EB478A86B75} = {FD2A0A13-0914-47EC-A173-72023C23A569}
		{951BD006-F117-42B4-9C8F-D68FCCB69B80} = {818250BC-823E-4BC7-9F67-E2CB4ED4568A}
		{219E592A-C52B-4BC6-8DE1-5498B9CB5F1C} = {A114B2B9-695C-48B1-BCF6-04FBF6A953DC}
		{07A2C5D7-4850-48CB-905F-4A9CC91242DC} = {818250BC-823E-4BC7-9F67-E2CB4ED4568A}
		{73AD6EC8-B716-4EAA-A8B6-BA5727A0AFCB} = {BE932680-495C-4B43-BAAB-C2C76631397C}
		{BD61BD79-3689-45AF-8CB5-EC2C90E510B6} = {818250BC-823E-4BC7-9F67-E2CB4ED4568A}
		{DF9E5B2D-8E8E-48CC-B484-F23D1571E4BF} = {78F8571C-95E5-4C4E-A11F-1339EF4E7038}
		{52AB29A8-3ADB-43AE-9BD2-25FA705488AA} = {FD2A0A13-0914-47EC-A173-72023C23A569}
		{A114B2B9-695C-48B1-BCF6-04FBF6A953DC} = {FD2A0A13-0914-47EC-A173-72023C23A569}
		{DD0B32C9-AECE-46AB-9674-CF24983114FA} = {2208F5C1-4A54-4D07-80AA-623123010072}
		{611F844E-F83B-4023-95F2-921ED4827411} = {FD2A0A13-0914-47EC-A173-72023C23A569}
		{2D0C98FC-CE3A-4D17-9729-D6F974FC1AFE} = {611F844E-F83B-4023-95F2-921ED4827411}
		{EAAA4BAD-5605-4354-95C0-F4DC818085EE} = {611F844E-F83B-4023-95F2-921ED4827411}
		{592F082E-DD43-4899-AAFF-AA389E52B51E} = {611F844E-F83B-4023-95F2-921ED4827411}
		{377C8B8D-DF4E-45CA-821E-7A99E1679B76} = {FD2A0A13-0914-47EC-A173-72023C23A569}
		{56BD6DFC-0B2C-424C-BAF0-A3A47AADF0E8} = {611F844E-F83B-4023-95F2-921ED4827411}
		{3CCF3B06-9E75-4939-B7D0-5FF458E758A9} = {611F844E-F83B-4023-95F2-921ED4827411}
		{8C5A35C2-A077-4C19-BC00-3FB5C0911408} = {FD2A0A13-0914-47EC-A173-72023C23A569}
		{0163EB41-32F3-4F9C-B2AF-E6B0B0B4A40C} = {8C5A35C2-A077-4C19-BC00-3FB5C0911408}
		{01F2A542-B4E2-4B85-ABED-64C4B44A96C3} = {0163EB41-32F3-4F9C-B2AF-E6B0B0B4A40C}
		{417FB703-39C7-4F9E-9B20-88167C033B75} = {52AB29A8-3ADB-43AE-9BD2-25FA705488AA}
		{1E1F5033-3463-4863-91D8-D025FEE253E8} = {52AB29A8-3ADB-43AE-9BD2-25FA705488AA}
		{064E1666-7AB0-4CF5-B9B2-34F56B678906} = {52AB29A8-3ADB-43AE-9BD2-25FA705488AA}
		{1898A199-C275-45CD-90B0-8864B1ADC7AB} = {417FB703-39C7-4F9E-9B20-88167C033B75}
		{D4F3BF93-5835-4D51-BF44-2EB4B59D3213} = {417FB703-39C7-4F9E-9B20-88167C033B75}
		{6DD786D5-A836-4986-B86B-2C3CE3CB33B8} = {1E1F5033-3463-4863-91D8-D025FEE253E8}
		{7F20AB85-7AEB-4F38-870B-9B72FD19004A} = {1E1F5033-3463-4863-91D8-D025FEE253E8}
		{CF0F453F-E0E1-4F12-965D-CB05B1718DD7} = {818250BC-823E-4BC7-9F67-E2CB4ED4568A}
		{1664DC34-B8C8-4C98-94D8-F8FA725174C2} = {818250BC-823E-4BC7-9F67-E2CB4ED4568A}
		{BA774E9D-C342-4066-B72E-00D1AEB5D1AD} = {07A2C5D7-4850-48CB-905F-4A9CC91242DC}
		{A0870A05-5548-4DD2-A689-9857948BC397} = {07A2C5D7-4850-48CB-905F-4A9CC91242DC}
		{21970B29-9986-45B6-A988-3EE810B01252} = {52AB29A8-3ADB-43AE-9BD2-25FA705488AA}
		{6F67B38D-D9AA-46D6-9278-F9646EA389B7} = {818250BC-823E-4BC7-9F67-E2CB4ED4568A}
		{2208F5C1-4A54-4D07-80AA-623123010072} = {FD2A0A13-0914-47EC-A173-72023C23A569}
		{881F1F31-7EF3-433C-8922-AC80EC8A281C} = {2208F5C1-4A54-4D07-80AA-623123010072}
		{0C26189D-2AF8-4F9B-8B64-CBF8FF868F78} = {2208F5C1-4A54-4D07-80AA-623123010072}
		{36D591C7-65C7-A0D1-1CBC-10CDE441BDC8} = {FD2A0A13-0914-47EC-A173-72023C23A569}
		{78F8571C-95E5-4C4E-A11F-1339EF4E7038} = {36D591C7-65C7-A0D1-1CBC-10CDE441BDC8}
		{BE932680-495C-4B43-BAAB-C2C76631397C} = {FD2A0A13-0914-47EC-A173-72023C23A569}
	EndGlobalSection
	GlobalSection(ExtensibilityGlobals) = postSolution
		SolutionGuid = {072B6B76-6C41-4BA2-8622-3960BE210481}
	EndGlobalSection
EndGlobal
